
Microsoft Visual Studio Solution File, Format Version 12.00
# Visual Studio Version 16
VisualStudioVersion = 16.0.29613.14
MinimumVisualStudioVersion = 10.0.40219.1
Project("{FAE04EC0-301F-11D3-BF4B-00C04F79EFBC}") = "BookStoreProject", "BookStoreProject\BookStoreProject.csproj", "{BC516FA6-ABAB-4AFA-9DD6-CEA2A0E44EA4}"
EndProject
Global
	GlobalSection(SolutionConfigurationPlatforms) = preSolution
		Debug|Any CPU = Debug|Any CPU
		Release|Any CPU = Release|Any CPU
	EndGlobalSection
	GlobalSection(ProjectConfigurationPlatforms) = postSolution
		{BC516FA6-ABAB-4AFA-9DD6-CEA2A0E44EA4}.Debug|Any CPU.ActiveCfg = Debug|Any CPU
		{BC516FA6-ABAB-4AFA-9DD6-CEA2A0E44EA4}.Debug|Any CPU.Build.0 = Debug|Any CPU
		{BC516FA6-ABAB-4AFA-9DD6-CEA2A0E44EA4}.Release|Any CPU.ActiveCfg = Release|Any CPU
		{BC516FA6-ABAB-4AFA-9DD6-CEA2A0E44EA4}.Release|Any CPU.Build.0 = Release|Any CPU
	EndGlobalSection
	GlobalSection(SolutionProperties) = preSolution
		HideSolutionNode = FALSE
	EndGlobalSection
	GlobalSection(ExtensibilityGlobals) = postSolution
		SolutionGuid = {02A56A7C-30FC-4E68-A9D9-8059DDD88843}
	EndGlobalSection
EndGlobal
